// !$*UTF8*$!
{
	archiveVersion = 1;
	classes = {
	};
	objectVersion = 51;
	objects = {

/* Begin PBXBuildFile section */
		B57B25F7C216DA82808D1920 /* Pods_PhotoBoardFireBase.framework in Frameworks */ = {isa = PBXBuildFile; fileRef = DE258CBE0462783E01A42D29 /* Pods_PhotoBoardFireBase.framework */; };
		D18CF69A25C285CB00AEA5F3 /* HomeKit.framework in Frameworks */ = {isa = PBXBuildFile; fileRef = D18CF69925C285CB00AEA5F3 /* HomeKit.framework */; };
		D18CF6AF25C2F7E300AEA5F3 /* HomeViewController.swift in Sources */ = {isa = PBXBuildFile; fileRef = D18CF6AE25C2F7E300AEA5F3 /* HomeViewController.swift */; };
		D18CF6B225C2F7F900AEA5F3 /* UserViewController.swift in Sources */ = {isa = PBXBuildFile; fileRef = D18CF6B125C2F7F900AEA5F3 /* UserViewController.swift */; };
		D1DE0AA925C0586000248380 /* AppDelegate.swift in Sources */ = {isa = PBXBuildFile; fileRef = D1DE0AA825C0586000248380 /* AppDelegate.swift */; };
		D1DE0AAB25C0586000248380 /* SceneDelegate.swift in Sources */ = {isa = PBXBuildFile; fileRef = D1DE0AAA25C0586000248380 /* SceneDelegate.swift */; };
		D1DE0AAD25C0586000248380 /* ViewController.swift in Sources */ = {isa = PBXBuildFile; fileRef = D1DE0AAC25C0586000248380 /* ViewController.swift */; };
		D1DE0AB025C0586000248380 /* Main.storyboard in Resources */ = {isa = PBXBuildFile; fileRef = D1DE0AAE25C0586000248380 /* Main.storyboard */; };
		D1DE0AB225C0586300248380 /* Assets.xcassets in Resources */ = {isa = PBXBuildFile; fileRef = D1DE0AB125C0586300248380 /* Assets.xcassets */; };
		D1DE0AB525C0586300248380 /* LaunchScreen.storyboard in Resources */ = {isa = PBXBuildFile; fileRef = D1DE0AB325C0586300248380 /* LaunchScreen.storyboard */; };
		D1DE0ABE25C0605000248380 /* GoogleService-Info.plist in Resources */ = {isa = PBXBuildFile; fileRef = D1DE0ABD25C0605000248380 /* GoogleService-Info.plist */; };
/* End PBXBuildFile section */

/* Begin PBXFileReference section */
		92068FB19952F5206DCA3A5B /* Pods-PhotoBoardFireBase.debug.xcconfig */ = {isa = PBXFileReference; includeInIndex = 1; lastKnownFileType = text.xcconfig; name = "Pods-PhotoBoardFireBase.debug.xcconfig"; path = "Target Support Files/Pods-PhotoBoardFireBase/Pods-PhotoBoardFireBase.debug.xcconfig"; sourceTree = "<group>"; };
		A0708930C819637E434E24CE /* Pods-PhotoBoardFireBase.release.xcconfig */ = {isa = PBXFileReference; includeInIndex = 1; lastKnownFileType = text.xcconfig; name = "Pods-PhotoBoardFireBase.release.xcconfig"; path = "Target Support Files/Pods-PhotoBoardFireBase/Pods-PhotoBoardFireBase.release.xcconfig"; sourceTree = "<group>"; };
		D18CF69825C285CB00AEA5F3 /* PhotoBoardFireBase.entitlements */ = {isa = PBXFileReference; lastKnownFileType = text.plist.entitlements; path = PhotoBoardFireBase.entitlements; sourceTree = "<group>"; };
		D18CF69925C285CB00AEA5F3 /* HomeKit.framework */ = {isa = PBXFileReference; lastKnownFileType = wrapper.framework; name = HomeKit.framework; path = System/Library/Frameworks/HomeKit.framework; sourceTree = SDKROOT; };
		D18CF6AE25C2F7E300AEA5F3 /* HomeViewController.swift */ = {isa = PBXFileReference; lastKnownFileType = sourcecode.swift; path = HomeViewController.swift; sourceTree = "<group>"; };
		D18CF6B125C2F7F900AEA5F3 /* UserViewController.swift */ = {isa = PBXFileReference; lastKnownFileType = sourcecode.swift; path = UserViewController.swift; sourceTree = "<group>"; };
		D1DE0AA525C0586000248380 /* PhotoBoardFireBase.app */ = {isa = PBXFileReference; explicitFileType = wrapper.application; includeInIndex = 0; path = PhotoBoardFireBase.app; sourceTree = BUILT_PRODUCTS_DIR; };
		D1DE0AA825C0586000248380 /* AppDelegate.swift */ = {isa = PBXFileReference; lastKnownFileType = sourcecode.swift; path = AppDelegate.swift; sourceTree = "<group>"; };
		D1DE0AAA25C0586000248380 /* SceneDelegate.swift */ = {isa = PBXFileReference; lastKnownFileType = sourcecode.swift; path = SceneDelegate.swift; sourceTree = "<group>"; };
		D1DE0AAC25C0586000248380 /* ViewController.swift */ = {isa = PBXFileReference; lastKnownFileType = sourcecode.swift; path = ViewController.swift; sourceTree = "<group>"; };
		D1DE0AAF25C0586000248380 /* Base */ = {isa = PBXFileReference; lastKnownFileType = file.storyboard; name = Base; path = Base.lproj/Main.storyboard; sourceTree = "<group>"; };
		D1DE0AB125C0586300248380 /* Assets.xcassets */ = {isa = PBXFileReference; lastKnownFileType = folder.assetcatalog; path = Assets.xcassets; sourceTree = "<group>"; };
		D1DE0AB425C0586300248380 /* Base */ = {isa = PBXFileReference; lastKnownFileType = file.storyboard; name = Base; path = Base.lproj/LaunchScreen.storyboard; sourceTree = "<group>"; };
		D1DE0AB625C0586300248380 /* Info.plist */ = {isa = PBXFileReference; lastKnownFileType = text.plist.xml; path = Info.plist; sourceTree = "<group>"; };
		D1DE0ABD25C0605000248380 /* GoogleService-Info.plist */ = {isa = PBXFileReference; fileEncoding = 4; lastKnownFileType = text.plist.xml; path = "GoogleService-Info.plist"; sourceTree = "<group>"; };
		DE258CBE0462783E01A42D29 /* Pods_PhotoBoardFireBase.framework */ = {isa = PBXFileReference; explicitFileType = wrapper.framework; includeInIndex = 0; path = Pods_PhotoBoardFireBase.framework; sourceTree = BUILT_PRODUCTS_DIR; };
/* End PBXFileReference section */

/* Begin PBXFrameworksBuildPhase section */
		D1DE0AA225C0586000248380 /* Frameworks */ = {
			isa = PBXFrameworksBuildPhase;
			buildActionMask = 2147483647;
			files = (
				D18CF69A25C285CB00AEA5F3 /* HomeKit.framework in Frameworks */,
				B57B25F7C216DA82808D1920 /* Pods_PhotoBoardFireBase.framework in Frameworks */,
			);
			runOnlyForDeploymentPostprocessing = 0;
		};
/* End PBXFrameworksBuildPhase section */

/* Begin PBXGroup section */
		077871A5720D6FF63414552D /* Frameworks */ = {
			isa = PBXGroup;
			children = (
				D18CF69925C285CB00AEA5F3 /* HomeKit.framework */,
				DE258CBE0462783E01A42D29 /* Pods_PhotoBoardFireBase.framework */,
			);
			name = Frameworks;
			sourceTree = "<group>";
		};
		17F1D5AC975E8D6D4F065709 /* Pods */ = {
			isa = PBXGroup;
			children = (
				92068FB19952F5206DCA3A5B /* Pods-PhotoBoardFireBase.debug.xcconfig */,
				A0708930C819637E434E24CE /* Pods-PhotoBoardFireBase.release.xcconfig */,
			);
			path = Pods;
			sourceTree = "<group>";
		};
		D1DE0A9C25C0586000248380 = {
			isa = PBXGroup;
			children = (
				D1DE0AA725C0586000248380 /* PhotoBoardFireBase */,
				D1DE0AA625C0586000248380 /* Products */,
				17F1D5AC975E8D6D4F065709 /* Pods */,
				077871A5720D6FF63414552D /* Frameworks */,
			);
			sourceTree = "<group>";
		};
		D1DE0AA625C0586000248380 /* Products */ = {
			isa = PBXGroup;
			children = (
				D1DE0AA525C0586000248380 /* PhotoBoardFireBase.app */,
			);
			name = Products;
			sourceTree = "<group>";
		};
		D1DE0AA725C0586000248380 /* PhotoBoardFireBase */ = {
			isa = PBXGroup;
			children = (
				D18CF69825C285CB00AEA5F3 /* PhotoBoardFireBase.entitlements */,
				D1DE0AA825C0586000248380 /* AppDelegate.swift */,
				D1DE0AAA25C0586000248380 /* SceneDelegate.swift */,
				D1DE0AAC25C0586000248380 /* ViewController.swift */,
				D1DE0AAE25C0586000248380 /* Main.storyboard */,
				D18CF6AE25C2F7E300AEA5F3 /* HomeViewController.swift */,
				D18CF6B125C2F7F900AEA5F3 /* UserViewController.swift */,
				D1DE0AB125C0586300248380 /* Assets.xcassets */,
				D1DE0AB325C0586300248380 /* LaunchScreen.storyboard */,
				D1DE0AB625C0586300248380 /* Info.plist */,
				D1DE0ABD25C0605000248380 /* GoogleService-Info.plist */,
			);
			path = PhotoBoardFireBase;
			sourceTree = "<group>";
		};
/* End PBXGroup section */

/* Begin PBXNativeTarget section */
		D1DE0AA425C0586000248380 /* PhotoBoardFireBase */ = {
			isa = PBXNativeTarget;
			buildConfigurationList = D1DE0AB925C0586300248380 /* Build configuration list for PBXNativeTarget "PhotoBoardFireBase" */;
			buildPhases = (
				4BAE9FD69516DAE0AD77DA50 /* [CP] Check Pods Manifest.lock */,
				D1DE0AA125C0586000248380 /* Sources */,
				D1DE0AA225C0586000248380 /* Frameworks */,
				D1DE0AA325C0586000248380 /* Resources */,
				EB51AE9E70D688AC5E9D8846 /* [CP] Embed Pods Frameworks */,
				1F8E324E9F7CBB362F4FBA09 /* [CP] Copy Pods Resources */,
			);
			buildRules = (
			);
			dependencies = (
			);
			name = PhotoBoardFireBase;
			productName = PhotoBoardFireBase;
			productReference = D1DE0AA525C0586000248380 /* PhotoBoardFireBase.app */;
			productType = "com.apple.product-type.application";
		};
/* End PBXNativeTarget section */

/* Begin PBXProject section */
		D1DE0A9D25C0586000248380 /* Project object */ = {
			isa = PBXProject;
			attributes = {
				LastSwiftUpdateCheck = 1230;
				LastUpgradeCheck = 1230;
				TargetAttributes = {
					D1DE0AA425C0586000248380 = {
						CreatedOnToolsVersion = 12.3;
					};
				};
			};
			buildConfigurationList = D1DE0AA025C0586000248380 /* Build configuration list for PBXProject "PhotoBoardFireBase" */;
			compatibilityVersion = "Xcode 9.3";
			developmentRegion = en;
			hasScannedForEncodings = 0;
			knownRegions = (
				en,
				Base,
			);
			mainGroup = D1DE0A9C25C0586000248380;
			productRefGroup = D1DE0AA625C0586000248380 /* Products */;
			projectDirPath = "";
			projectRoot = "";
			targets = (
				D1DE0AA425C0586000248380 /* PhotoBoardFireBase */,
			);
		};
/* End PBXProject section */

/* Begin PBXResourcesBuildPhase section */
		D1DE0AA325C0586000248380 /* Resources */ = {
			isa = PBXResourcesBuildPhase;
			buildActionMask = 2147483647;
			files = (
				D1DE0AB525C0586300248380 /* LaunchScreen.storyboard in Resources */,
				D1DE0ABE25C0605000248380 /* GoogleService-Info.plist in Resources */,
				D1DE0AB225C0586300248380 /* Assets.xcassets in Resources */,
				D1DE0AB025C0586000248380 /* Main.storyboard in Resources */,
			);
			runOnlyForDeploymentPostprocessing = 0;
		};
/* End PBXResourcesBuildPhase section */

/* Begin PBXShellScriptBuildPhase section */
		1F8E324E9F7CBB362F4FBA09 /* [CP] Copy Pods Resources */ = {
			isa = PBXShellScriptBuildPhase;
			buildActionMask = 2147483647;
			files = (
			);
			inputFileListPaths = (
				"${PODS_ROOT}/Target Support Files/Pods-PhotoBoardFireBase/Pods-PhotoBoardFireBase-resources-${CONFIGURATION}-input-files.xcfilelist",
			);
			name = "[CP] Copy Pods Resources";
			outputFileListPaths = (
				"${PODS_ROOT}/Target Support Files/Pods-PhotoBoardFireBase/Pods-PhotoBoardFireBase-resources-${CONFIGURATION}-output-files.xcfilelist",
			);
			runOnlyForDeploymentPostprocessing = 0;
			shellPath = /bin/sh;
			shellScript = "\"${PODS_ROOT}/Target Support Files/Pods-PhotoBoardFireBase/Pods-PhotoBoardFireBase-resources.sh\"\n";
			showEnvVarsInLog = 0;
		};
		4BAE9FD69516DAE0AD77DA50 /* [CP] Check Pods Manifest.lock */ = {
			isa = PBXShellScriptBuildPhase;
			buildActionMask = 2147483647;
			files = (
			);
			inputFileListPaths = (
			);
			inputPaths = (
				"${PODS_PODFILE_DIR_PATH}/Podfile.lock",
				"${PODS_ROOT}/Manifest.lock",
			);
			name = "[CP] Check Pods Manifest.lock";
			outputFileListPaths = (
			);
			outputPaths = (
				"$(DERIVED_FILE_DIR)/Pods-PhotoBoardFireBase-checkManifestLockResult.txt",
			);
			runOnlyForDeploymentPostprocessing = 0;
			shellPath = /bin/sh;
			shellScript = "diff \"${PODS_PODFILE_DIR_PATH}/Podfile.lock\" \"${PODS_ROOT}/Manifest.lock\" > /dev/null\nif [ $? != 0 ] ; then\n    # print error to STDERR\n    echo \"error: The sandbox is not in sync with the Podfile.lock. Run 'pod install' or update your CocoaPods installation.\" >&2\n    exit 1\nfi\n# This output is used by Xcode 'outputs' to avoid re-running this script phase.\necho \"SUCCESS\" > \"${SCRIPT_OUTPUT_FILE_0}\"\n";
			showEnvVarsInLog = 0;
		};
		EB51AE9E70D688AC5E9D8846 /* [CP] Embed Pods Frameworks */ = {
			isa = PBXShellScriptBuildPhase;
			buildActionMask = 2147483647;
			files = (
			);
			inputFileListPaths = (
				"${PODS_ROOT}/Target Support Files/Pods-PhotoBoardFireBase/Pods-PhotoBoardFireBase-frameworks-${CONFIGURATION}-input-files.xcfilelist",
			);
			name = "[CP] Embed Pods Frameworks";
			outputFileListPaths = (
				"${PODS_ROOT}/Target Support Files/Pods-PhotoBoardFireBase/Pods-PhotoBoardFireBase-frameworks-${CONFIGURATION}-output-files.xcfilelist",
			);
			runOnlyForDeploymentPostprocessing = 0;
			shellPath = /bin/sh;
			shellScript = "\"${PODS_ROOT}/Target Support Files/Pods-PhotoBoardFireBase/Pods-PhotoBoardFireBase-frameworks.sh\"\n";
			showEnvVarsInLog = 0;
		};
/* End PBXShellScriptBuildPhase section */

/* Begin PBXSourcesBuildPhase section */
		D1DE0AA125C0586000248380 /* Sources */ = {
			isa = PBXSourcesBuildPhase;
			buildActionMask = 2147483647;
			files = (
				D1DE0AAD25C0586000248380 /* ViewController.swift in Sources */,
				D18CF6B225C2F7F900AEA5F3 /* UserViewController.swift in Sources */,
				D1DE0AA925C0586000248380 /* AppDelegate.swift in Sources */,
				D1DE0AAB25C0586000248380 /* SceneDelegate.swift in Sources */,
				D18CF6AF25C2F7E300AEA5F3 /* HomeViewController.swift in Sources */,
			);
			runOnlyForDeploymentPostprocessing = 0;
		};
/* End PBXSourcesBuildPhase section */

/* Begin PBXVariantGroup section */
		D1DE0AAE25C0586000248380 /* Main.storyboard */ = {
			isa = PBXVariantGroup;
			children = (
				D1DE0AAF25C0586000248380 /* Base */,
			);
			name = Main.storyboard;
			sourceTree = "<group>";
		};
		D1DE0AB325C0586300248380 /* LaunchScreen.storyboard */ = {
			isa = PBXVariantGroup;
			children = (
				D1DE0AB425C0586300248380 /* Base */,
			);
			name = LaunchScreen.storyboard;
			sourceTree = "<group>";
		};
/* End PBXVariantGroup section */

/* Begin XCBuildConfiguration section */
		D1DE0AB725C0586300248380 /* Debug */ = {
			isa = XCBuildConfiguration;
			buildSettings = {
				ALWAYS_SEARCH_USER_PATHS = NO;
				CLANG_ANALYZER_NONNULL = YES;
				CLANG_ANALYZER_NUMBER_OBJECT_CONVERSION = YES_AGGRESSIVE;
				CLANG_CXX_LANGUAGE_STANDARD = "gnu++14";
				CLANG_CXX_LIBRARY = "libc++";
				CLANG_ENABLE_MODULES = YES;
				CLANG_ENABLE_OBJC_ARC = YES;
				CLANG_ENABLE_OBJC_WEAK = YES;
				CLANG_WARN_BLOCK_CAPTURE_AUTORELEASING = YES;
				CLANG_WARN_BOOL_CONVERSION = YES;
				CLANG_WARN_COMMA = YES;
				CLANG_WARN_CONSTANT_CONVERSION = YES;
				CLANG_WARN_DEPRECATED_OBJC_IMPLEMENTATIONS = YES;
				CLANG_WARN_DIRECT_OBJC_ISA_USAGE = YES_ERROR;
				CLANG_WARN_DOCUMENTATION_COMMENTS = YES;
				CLANG_WARN_EMPTY_BODY = YES;
				CLANG_WARN_ENUM_CONVERSION = YES;
				CLANG_WARN_INFINITE_RECURSION = YES;
				CLANG_WARN_INT_CONVERSION = YES;
				CLANG_WARN_NON_LITERAL_NULL_CONVERSION = YES;
				CLANG_WARN_OBJC_IMPLICIT_RETAIN_SELF = YES;
				CLANG_WARN_OBJC_LITERAL_CONVERSION = YES;
				CLANG_WARN_OBJC_ROOT_CLASS = YES_ERROR;
				CLANG_WARN_QUOTED_INCLUDE_IN_FRAMEWORK_HEADER = YES;
				CLANG_WARN_RANGE_LOOP_ANALYSIS = YES;
				CLANG_WARN_STRICT_PROTOTYPES = YES;
				CLANG_WARN_SUSPICIOUS_MOVE = YES;
				CLANG_WARN_UNGUARDED_AVAILABILITY = YES_AGGRESSIVE;
				CLANG_WARN_UNREACHABLE_CODE = YES;
				CLANG_WARN__DUPLICATE_METHOD_MATCH = YES;
				COPY_PHASE_STRIP = NO;
				DEBUG_INFORMATION_FORMAT = dwarf;
				ENABLE_STRICT_OBJC_MSGSEND = YES;
				ENABLE_TESTABILITY = YES;
				GCC_C_LANGUAGE_STANDARD = gnu11;
				GCC_DYNAMIC_NO_PIC = NO;
				GCC_NO_COMMON_BLOCKS = YES;
				GCC_OPTIMIZATION_LEVEL = 0;
				GCC_PREPROCESSOR_DEFINITIONS = (
					"DEBUG=1",
					"$(inherited)",
				);
				GCC_WARN_64_TO_32_BIT_CONVERSION = YES;
				GCC_WARN_ABOUT_RETURN_TYPE = YES_ERROR;
				GCC_WARN_UNDECLARED_SELECTOR = YES;
				GCC_WARN_UNINITIALIZED_AUTOS = YES_AGGRESSIVE;
				GCC_WARN_UNUSED_FUNCTION = YES;
				GCC_WARN_UNUSED_VARIABLE = YES;
				IPHONEOS_DEPLOYMENT_TARGET = 14.3;
				MTL_ENABLE_DEBUG_INFO = INCLUDE_SOURCE;
				MTL_FAST_MATH = YES;
				ONLY_ACTIVE_ARCH = YES;
				SDKROOT = iphoneos;
				SWIFT_ACTIVE_COMPILATION_CONDITIONS = DEBUG;
				SWIFT_OPTIMIZATION_LEVEL = "-Onone";
			};
			name = Debug;
		};
		D1DE0AB825C0586300248380 /* Release */ = {
			isa = XCBuildConfiguration;
			buildSettings = {
				ALWAYS_SEARCH_USER_PATHS = NO;
				CLANG_ANALYZER_NONNULL = YES;
				CLANG_ANALYZER_NUMBER_OBJECT_CONVERSION = YES_AGGRESSIVE;
				CLANG_CXX_LANGUAGE_STANDARD = "gnu++14";
				CLANG_CXX_LIBRARY = "libc++";
				CLANG_ENABLE_MODULES = YES;
				CLANG_ENABLE_OBJC_ARC = YES;
				CLANG_ENABLE_OBJC_WEAK = YES;
				CLANG_WARN_BLOCK_CAPTURE_AUTORELEASING = YES;
				CLANG_WARN_BOOL_CONVERSION = YES;
				CLANG_WARN_COMMA = YES;
				CLANG_WARN_CONSTANT_CONVERSION = YES;
				CLANG_WARN_DEPRECATED_OBJC_IMPLEMENTATIONS = YES;
				CLANG_WARN_DIRECT_OBJC_ISA_USAGE = YES_ERROR;
				CLANG_WARN_DOCUMENTATION_COMMENTS = YES;
				CLANG_WARN_EMPTY_BODY = YES;
				CLANG_WARN_ENUM_CONVERSION = YES;
				CLANG_WARN_INFINITE_RECURSION = YES;
				CLANG_WARN_INT_CONVERSION = YES;
				CLANG_WARN_NON_LITERAL_NULL_CONVERSION = YES;
				CLANG_WARN_OBJC_IMPLICIT_RETAIN_SELF = YES;
				CLANG_WARN_OBJC_LITERAL_CONVERSION = YES;
				CLANG_WARN_OBJC_ROOT_CLASS = YES_ERROR;
				CLANG_WARN_QUOTED_INCLUDE_IN_FRAMEWORK_HEADER = YES;
				CLANG_WARN_RANGE_LOOP_ANALYSIS = YES;
				CLANG_WARN_STRICT_PROTOTYPES = YES;
				CLANG_WARN_SUSPICIOUS_MOVE = YES;
				CLANG_WARN_UNGUARDED_AVAILABILITY = YES_AGGRESSIVE;
				CLANG_WARN_UNREACHABLE_CODE = YES;
				CLANG_WARN__DUPLICATE_METHOD_MATCH = YES;
				COPY_PHASE_STRIP = NO;
				DEBUG_INFORMATION_FORMAT = "dwarf-with-dsym";
				ENABLE_NS_ASSERTIONS = NO;
				ENABLE_STRICT_OBJC_MSGSEND = YES;
				GCC_C_LANGUAGE_STANDARD = gnu11;
				GCC_NO_COMMON_BLOCKS = YES;
				GCC_WARN_64_TO_32_BIT_CONVERSION = YES;
				GCC_WARN_ABOUT_RETURN_TYPE = YES_ERROR;
				GCC_WARN_UNDECLARED_SELECTOR = YES;
				GCC_WARN_UNINITIALIZED_AUTOS = YES_AGGRESSIVE;
				GCC_WARN_UNUSED_FUNCTION = YES;
				GCC_WARN_UNUSED_VARIABLE = YES;
				IPHONEOS_DEPLOYMENT_TARGET = 14.3;
				MTL_ENABLE_DEBUG_INFO = NO;
				MTL_FAST_MATH = YES;
				SDKROOT = iphoneos;
				SWIFT_COMPILATION_MODE = wholemodule;
				SWIFT_OPTIMIZATION_LEVEL = "-O";
				VALIDATE_PRODUCT = YES;
			};
			name = Release;
		};
		D1DE0ABA25C0586300248380 /* Debug */ = {
			isa = XCBuildConfiguration;
			baseConfigurationReference = 92068FB19952F5206DCA3A5B /* Pods-PhotoBoardFireBase.debug.xcconfig */;
			buildSettings = {
				ASSETCATALOG_COMPILER_APPICON_NAME = AppIcon;
				ASSETCATALOG_COMPILER_GLOBAL_ACCENT_COLOR_NAME = AccentColor;
				CODE_SIGN_ENTITLEMENTS = PhotoBoardFireBase/PhotoBoardFireBase.entitlements;
				CODE_SIGN_STYLE = Automatic;
				DEVELOPMENT_TEAM = HU86N788J6;
				INFOPLIST_FILE = PhotoBoardFireBase/Info.plist;
				LD_RUNPATH_SEARCH_PATHS = (
					"$(inherited)",
					"@executable_path/Frameworks",
				);
				PRODUCT_BUNDLE_IDENTIFIER = kr.xoul.PhotoBoardFireBase;
				PRODUCT_NAME = "$(TARGET_NAME)";
				SWIFT_VERSION = 5.0;
				TARGETED_DEVICE_FAMILY = "1,2";
			};
			name = Debug;
		};
		D1DE0ABB25C0586300248380 /* Release */ = {
			isa = XCBuildConfiguration;
			baseConfigurationReference = A0708930C819637E434E24CE /* Pods-PhotoBoardFireBase.release.xcconfig */;
			buildSettings = {
				ASSETCATALOG_COMPILER_APPICON_NAME = AppIcon;
				ASSETCATALOG_COMPILER_GLOBAL_ACCENT_COLOR_NAME = AccentColor;
				CODE_SIGN_ENTITLEMENTS = PhotoBoardFireBase/PhotoBoardFireBase.entitlements;
				CODE_SIGN_STYLE = Automatic;
				DEVELOPMENT_TEAM = HU86N788J6;
				INFOPLIST_FILE = PhotoBoardFireBase/Info.plist;
				LD_RUNPATH_SEARCH_PATHS = (
					"$(inherited)",
					"@executable_path/Frameworks",
				);
				PRODUCT_BUNDLE_IDENTIFIER = kr.xoul.PhotoBoardFireBase;
				PRODUCT_NAME = "$(TARGET_NAME)";
				SWIFT_VERSION = 5.0;
				TARGETED_DEVICE_FAMILY = "1,2";
			};
			name = Release;
		};
/* End XCBuildConfiguration section */

/* Begin XCConfigurationList section */
		D1DE0AA025C0586000248380 /* Build configuration list for PBXProject "PhotoBoardFireBase" */ = {
			isa = XCConfigurationList;
			buildConfigurations = (
				D1DE0AB725C0586300248380 /* Debug */,
				D1DE0AB825C0586300248380 /* Release */,
			);
			defaultConfigurationIsVisible = 0;
			defaultConfigurationName = Release;
		};
		D1DE0AB925C0586300248380 /* Build configuration list for PBXNativeTarget "PhotoBoardFireBase" */ = {
			isa = XCConfigurationList;
			buildConfigurations = (
				D1DE0ABA25C0586300248380 /* Debug */,
				D1DE0ABB25C0586300248380 /* Release */,
			);
			defaultConfigurationIsVisible = 0;
			defaultConfigurationName = Release;
		};
/* End XCConfigurationList section */
	};
	rootObject = D1DE0A9D25C0586000248380 /* Project object */;
}
